
Microsoft Visual Studio Solution File, Format Version 12.00
# Visual Studio Version 17
VisualStudioVersion = 17.1.32210.238
MinimumVisualStudioVersion = 10.0.40219.1
Project("{9A19103F-16F7-4668-BE54-9A1E7A4F7556}") = "domain", "domain\domain.csproj", "{820D226F-13C7-41C3-BDC6-252AFD31B1DF}"
EndProject
Project("{9A19103F-16F7-4668-BE54-9A1E7A4F7556}") = "application", "application\application.csproj", "{48159EBF-D030-4E8B-A370-696E77F6A5A3}"
EndProject
Project("{2150E333-8FDC-42A3-9474-1A3956D46DE8}") = "test", "test", "{601B1831-2863-4869-AE58-F0281AB4BE4B}"
EndProject
Project("{9A19103F-16F7-4668-BE54-9A1E7A4F7556}") = "web", "web\web.csproj", "{252FC2DE-1122-4630-892C-1FAFE923888A}"
EndProject
Project("{9A19103F-16F7-4668-BE54-9A1E7A4F7556}") = "infrastructure.database", "infrastructure.database\infrastructure.database.csproj", "{F85270B5-A1A9-4625-8C47-C9CD5F488034}"
EndProject
Project("{9A19103F-16F7-4668-BE54-9A1E7A4F7556}") = "application.tests", "test\application.tests\application.tests.csproj", "{6F818D76-A89A-4C6B-B18F-7E1DCB48AC1E}"
EndProject
Project("{9A19103F-16F7-4668-BE54-9A1E7A4F7556}") = "infraestructure.database.tests", "test\infraestructure.database.tests\infraestructure.database.tests.csproj", "{E07795BE-8CEF-4653-A5FF-4CE521C525AD}"
EndProject
Project("{9A19103F-16F7-4668-BE54-9A1E7A4F7556}") = "web.tests", "test\web.tests\web.tests.csproj", "{F72C3A8A-4D30-439B-8E5A-608863407D99}"
EndProject
Global
	GlobalSection(SolutionConfigurationPlatforms) = preSolution
		Debug|Any CPU = Debug|Any CPU
		Release|Any CPU = Release|Any CPU
	EndGlobalSection
	GlobalSection(ProjectConfigurationPlatforms) = postSolution
		{820D226F-13C7-41C3-BDC6-252AFD31B1DF}.Debug|Any CPU.ActiveCfg = Debug|Any CPU
		{820D226F-13C7-41C3-BDC6-252AFD31B1DF}.Debug|Any CPU.Build.0 = Debug|Any CPU
		{820D226F-13C7-41C3-BDC6-252AFD31B1DF}.Release|Any CPU.ActiveCfg = Release|Any CPU
		{820D226F-13C7-41C3-BDC6-252AFD31B1DF}.Release|Any CPU.Build.0 = Release|Any CPU
		{48159EBF-D030-4E8B-A370-696E77F6A5A3}.Debug|Any CPU.ActiveCfg = Debug|Any CPU
		{48159EBF-D030-4E8B-A370-696E77F6A5A3}.Debug|Any CPU.Build.0 = Debug|Any CPU
		{48159EBF-D030-4E8B-A370-696E77F6A5A3}.Release|Any CPU.ActiveCfg = Release|Any CPU
		{48159EBF-D030-4E8B-A370-696E77F6A5A3}.Release|Any CPU.Build.0 = Release|Any CPU
		{252FC2DE-1122-4630-892C-1FAFE923888A}.Debug|Any CPU.ActiveCfg = Debug|Any CPU
		{252FC2DE-1122-4630-892C-1FAFE923888A}.Debug|Any CPU.Build.0 = Debug|Any CPU
		{252FC2DE-1122-4630-892C-1FAFE923888A}.Release|Any CPU.ActiveCfg = Release|Any CPU
		{252FC2DE-1122-4630-892C-1FAFE923888A}.Release|Any CPU.Build.0 = Release|Any CPU
		{F85270B5-A1A9-4625-8C47-C9CD5F488034}.Debug|Any CPU.ActiveCfg = Debug|Any CPU
		{F85270B5-A1A9-4625-8C47-C9CD5F488034}.Debug|Any CPU.Build.0 = Debug|Any CPU
		{F85270B5-A1A9-4625-8C47-C9CD5F488034}.Release|Any CPU.ActiveCfg = Release|Any CPU
		{F85270B5-A1A9-4625-8C47-C9CD5F488034}.Release|Any CPU.Build.0 = Release|Any CPU
		{6F818D76-A89A-4C6B-B18F-7E1DCB48AC1E}.Debug|Any CPU.ActiveCfg = Debug|Any CPU
		{6F818D76-A89A-4C6B-B18F-7E1DCB48AC1E}.Debug|Any CPU.Build.0 = Debug|Any CPU
		{6F818D76-A89A-4C6B-B18F-7E1DCB48AC1E}.Release|Any CPU.ActiveCfg = Release|Any CPU
		{6F818D76-A89A-4C6B-B18F-7E1DCB48AC1E}.Release|Any CPU.Build.0 = Release|Any CPU
		{E07795BE-8CEF-4653-A5FF-4CE521C525AD}.Debug|Any CPU.ActiveCfg = Debug|Any CPU
		{E07795BE-8CEF-4653-A5FF-4CE521C525AD}.Debug|Any CPU.Build.0 = Debug|Any CPU
		{E07795BE-8CEF-4653-A5FF-4CE521C525AD}.Release|Any CPU.ActiveCfg = Release|Any CPU
		{E07795BE-8CEF-4653-A5FF-4CE521C525AD}.Release|Any CPU.Build.0 = Release|Any CPU
		{F72C3A8A-4D30-439B-8E5A-608863407D99}.Debug|Any CPU.ActiveCfg = Debug|Any CPU
		{F72C3A8A-4D30-439B-8E5A-608863407D99}.Debug|Any CPU.Build.0 = Debug|Any CPU
		{F72C3A8A-4D30-439B-8E5A-608863407D99}.Release|Any CPU.ActiveCfg = Release|Any CPU
		{F72C3A8A-4D30-439B-8E5A-608863407D99}.Release|Any CPU.Build.0 = Release|Any CPU
	EndGlobalSection
	GlobalSection(SolutionProperties) = preSolution
		HideSolutionNode = FALSE
	EndGlobalSection
	GlobalSection(NestedProjects) = preSolution
		{6F818D76-A89A-4C6B-B18F-7E1DCB48AC1E} = {601B1831-2863-4869-AE58-F0281AB4BE4B}
		{E07795BE-8CEF-4653-A5FF-4CE521C525AD} = {601B1831-2863-4869-AE58-F0281AB4BE4B}
		{F72C3A8A-4D30-439B-8E5A-608863407D99} = {601B1831-2863-4869-AE58-F0281AB4BE4B}
	EndGlobalSection
	GlobalSection(ExtensibilityGlobals) = postSolution
		SolutionGuid = {44EA0A96-378B-420C-8BF3-16CAEE180A51}
	EndGlobalSection
EndGlobal
